Microsoft Visual Studio Solution File, Format Version 12.00
# Visual Studio Version 17
VisualStudioVersion = 17.5.2.0
MinimumVisualStudioVersion = 10.0.40219.1
Project("{2150E333-8FDC-42A3-9474-1A3956D46DE8}") = "sockets", "sockets", "{8ECE948F-E48E-2BAB-9587-1B5E7C139EF5}"
EndProject
Project("{FAE04EC0-301F-11D3-BF4B-00C04F79EFBC}") = "Forca", "sockets\Forca\Forca.csproj", "{77942C6C-8572-EB6A-D288-B832E8CE1F31}"
EndProject
Project("{FAE04EC0-301F-11D3-BF4B-00C04F79EFBC}") = "FortuneCookie", "sockets\FortuneCookie\FortuneCookie.csproj", "{A5E7BB91-2FD2-87AD-283A-133762B1E968}"
EndProject
Global
	GlobalSection(SolutionConfigurationPlatforms) = preSolution
		Debug|Any CPU = Debug|Any CPU
		Release|Any CPU = Release|Any CPU
	EndGlobalSection
	GlobalSection(ProjectConfigurationPlatforms) = postSolution
		{77942C6C-8572-EB6A-D288-B832E8CE1F31}.Debug|Any CPU.ActiveCfg = Debug|Any CPU
		{77942C6C-8572-EB6A-D288-B832E8CE1F31}.Debug|Any CPU.Build.0 = Debug|Any CPU
		{77942C6C-8572-EB6A-D288-B832E8CE1F31}.Release|Any CPU.ActiveCfg = Release|Any CPU
		{77942C6C-8572-EB6A-D288-B832E8CE1F31}.Release|Any CPU.Build.0 = Release|Any CPU
		{A5E7BB91-2FD2-87AD-283A-133762B1E968}.Debug|Any CPU.ActiveCfg = Debug|Any CPU
		{A5E7BB91-2FD2-87AD-283A-133762B1E968}.Debug|Any CPU.Build.0 = Debug|Any CPU
		{A5E7BB91-2FD2-87AD-283A-133762B1E968}.Release|Any CPU.ActiveCfg = Release|Any CPU
		{A5E7BB91-2FD2-87AD-283A-133762B1E968}.Release|Any CPU.Build.0 = Release|Any CPU
	EndGlobalSection
	GlobalSection(SolutionProperties) = preSolution
		HideSolutionNode = FALSE
	EndGlobalSection
	GlobalSection(NestedProjects) = preSolution
		{77942C6C-8572-EB6A-D288-B832E8CE1F31} = {8ECE948F-E48E-2BAB-9587-1B5E7C139EF5}
		{A5E7BB91-2FD2-87AD-283A-133762B1E968} = {8ECE948F-E48E-2BAB-9587-1B5E7C139EF5}
	EndGlobalSection
	GlobalSection(ExtensibilityGlobals) = postSolution
		SolutionGuid = {A0BE7940-5DC8-4670-9F27-11A72D49D262}
	EndGlobalSection
EndGlobal
